{
  "name": "APAH",
  "lockfileVersion": 3,
  "requires": true,
  "packages": {
    "": {
      "dependencies": {
        "@types/mapbox-gl": "^3.1.0",
        "dotenv": "^16.4.5",
        "mapbox-gl": "^3.5.2",
        "papaparse": "^5.4.1",
        "w3-css": "^4.1.0"
      }
    },
    "node_modules/@mapbox/jsonlint-lines-primitives": {
      "version": "2.0.2",
      "resolved": "https://registry.npmjs.org/@mapbox/jsonlint-lines-primitives/-/jsonlint-lines-primitives-2.0.2.tgz",
      "integrity": "sha512-rY0o9A5ECsTQRVhv7tL/OyDpGAoUB4tTvLiW1DSzQGq4bvTPhNw1VpSNjDJc5GFZ2XuyOtSWSVN05qOtcD71qQ==",
      "engines": {
        "node": ">= 0.6"
      }
    },
    "node_modules/@mapbox/mapbox-gl-supported": {
      "version": "3.0.0",
      "resolved": "https://registry.npmjs.org/@mapbox/mapbox-gl-supported/-/mapbox-gl-supported-3.0.0.tgz",
      "integrity": "sha512-2XghOwu16ZwPJLOFVuIOaLbN0iKMn867evzXFyf0P22dqugezfJwLmdanAgU25ITvz1TvOfVP4jsDImlDJzcWg==",
      "license": "BSD-3-Clause"
    },
    "node_modules/@mapbox/point-geometry": {
      "version": "0.1.0",
      "resolved": "https://registry.npmjs.org/@mapbox/point-geometry/-/point-geometry-0.1.0.tgz",
      "integrity": "sha512-6j56HdLTwWGO0fJPlrZtdU/B13q8Uwmo18Ck2GnGgN9PCFyKTZ3UbXeEdRFh18i9XQ92eH2VdtpJHpBD3aripQ==",
      "license": "ISC"
    },
    "node_modules/@mapbox/tiny-sdf": {
      "version": "2.0.6",
      "resolved": "https://registry.npmjs.org/@mapbox/tiny-sdf/-/tiny-sdf-2.0.6.tgz",
      "integrity": "sha512-qMqa27TLw+ZQz5Jk+RcwZGH7BQf5G/TrutJhspsca/3SHwmgKQ1iq+d3Jxz5oysPVYTGP6aXxCo5Lk9Er6YBAA==",
      "license": "BSD-2-Clause"
    },
    "node_modules/@mapbox/unitbezier": {
      "version": "0.0.1",
      "resolved": "https://registry.npmjs.org/@mapbox/unitbezier/-/unitbezier-0.0.1.tgz",
      "integrity": "sha512-nMkuDXFv60aBr9soUG5q+GvZYL+2KZHVvsqFCzqnkGEf46U2fvmytHaEVc1/YZbiLn8X+eR3QzX1+dwDO1lxlw==",
      "license": "BSD-2-Clause"
    },
    "node_modules/@mapbox/vector-tile": {
      "version": "1.3.1",
      "resolved": "https://registry.npmjs.org/@mapbox/vector-tile/-/vector-tile-1.3.1.tgz",
      "integrity": "sha512-MCEddb8u44/xfQ3oD+Srl/tNcQoqTw3goGk2oLsrFxOTc3dUp+kAnby3PvAeeBYSMSjSPD1nd1AJA6W49WnoUw==",
      "license": "BSD-3-Clause",
      "dependencies": {
        "@mapbox/point-geometry": "~0.1.0"
      }
    },
    "node_modules/@mapbox/whoots-js": {
      "version": "3.1.0",
      "resolved": "https://registry.npmjs.org/@mapbox/whoots-js/-/whoots-js-3.1.0.tgz",
      "integrity": "sha512-Es6WcD0nO5l+2BOQS4uLfNPYQaNDfbot3X1XUoloz+x0mPDS3eeORZJl06HXjwBG1fOGwCRnzK88LMdxKRrd6Q==",
      "license": "ISC",
      "engines": {
        "node": ">=6.0.0"
      }
    },
    "node_modules/@types/geojson": {
      "version": "7946.0.14",
      "resolved": "https://registry.npmjs.org/@types/geojson/-/geojson-7946.0.14.tgz",
      "integrity": "sha512-WCfD5Ht3ZesJUsONdhvm84dmzWOiOzOAqOncN0++w0lBw1o8OuDNJF2McvvCef/yBqb/HYRahp1BYtODFQ8bRg==",
      "license": "MIT"
    },
    "node_modules/@types/mapbox__point-geometry": {
      "version": "0.1.4",
      "resolved": "https://registry.npmjs.org/@types/mapbox__point-geometry/-/mapbox__point-geometry-0.1.4.tgz",
      "integrity": "sha512-mUWlSxAmYLfwnRBmgYV86tgYmMIICX4kza8YnE/eIlywGe2XoOxlpVnXWwir92xRLjwyarqwpu2EJKD2pk0IUA==",
      "license": "MIT"
    },
    "node_modules/@types/mapbox__vector-tile": {
      "version": "1.3.4",
      "resolved": "https://registry.npmjs.org/@types/mapbox__vector-tile/-/mapbox__vector-tile-1.3.4.tgz",
      "integrity": "sha512-bpd8dRn9pr6xKvuEBQup8pwQfD4VUyqO/2deGjfpe6AwC8YRlyEipvefyRJUSiCJTZuCb8Pl1ciVV5ekqJ96Bg==",
      "license": "MIT",
      "dependencies": {
        "@types/geojson": "*",
        "@types/mapbox__point-geometry": "*",
        "@types/pbf": "*"
      }
    },
    "node_modules/@types/mapbox-gl": {
      "version": "3.1.0",
      "resolved": "https://registry.npmjs.org/@types/mapbox-gl/-/mapbox-gl-3.1.0.tgz",
      "integrity": "sha512-hI6cQDjw1bkJw7MC/eHMqq5TWUamLwsujnUUeiIX2KDRjxRNSYMjnHz07+LATz9I9XIsKumOtUz4gRYnZOJ/FA==",
      "license": "MIT",
      "dependencies": {
        "@types/geojson": "*"
      }
    },
    "node_modules/@types/pbf": {
      "version": "3.0.5",
      "resolved": "https://registry.npmjs.org/@types/pbf/-/pbf-3.0.5.tgz",
      "integrity": "sha512-j3pOPiEcWZ34R6a6mN07mUkM4o4Lwf6hPNt8eilOeZhTFbxFXmKhvXl9Y28jotFPaI1bpPDJsbCprUoNke6OrA==",
      "license": "MIT"
    },
    "node_modules/cheap-ruler": {
      "version": "4.0.0",
      "resolved": "https://registry.npmjs.org/cheap-ruler/-/cheap-ruler-4.0.0.tgz",
      "integrity": "sha512-0BJa8f4t141BYKQyn9NSQt1PguFQXMXwZiA5shfoaBYHAb2fFk2RAX+tiWMoQU+Agtzt3mdt0JtuyshAXqZ+Vw==",
      "license": "ISC"
    },
    "node_modules/csscolorparser": {
      "version": "1.0.3",
      "resolved": "https://registry.npmjs.org/csscolorparser/-/csscolorparser-1.0.3.tgz",
      "integrity": "sha512-umPSgYwZkdFoUrH5hIq5kf0wPSXiro51nPw0j2K/c83KflkPSTBGMz6NJvMB+07VlL0y7VPo6QJcDjcgKTTm3w==",
      "license": "MIT"
    },
    "node_modules/dotenv": {
      "version": "16.4.5",
      "resolved": "https://registry.npmjs.org/dotenv/-/dotenv-16.4.5.tgz",
      "integrity": "sha512-ZmdL2rui+eB2YwhsWzjInR8LldtZHGDoQ1ugH85ppHKwpUHL7j7rN0Ti9NCnGiQbhaZ11FpR+7ao1dNsmduNUg==",
      "license": "BSD-2-Clause",
      "engines": {
        "node": ">=12"
      },
      "funding": {
        "url": "https://dotenvx.com"
      }
    },
    "node_modules/earcut": {
      "version": "3.0.0",
      "resolved": "https://registry.npmjs.org/earcut/-/earcut-3.0.0.tgz",
      "integrity": "sha512-41Fs7Q/PLq1SDbqjsgcY7GA42T0jvaCNGXgGtsNdvg+Yv8eIu06bxv4/PoREkZ9nMDNwnUSG9OFB9+yv8eKhDg==",
      "license": "ISC"
    },
    "node_modules/fflate": {
      "version": "0.8.2",
      "resolved": "https://registry.npmjs.org/fflate/-/fflate-0.8.2.tgz",
      "integrity": "sha512-cPJU47OaAoCbg0pBvzsgpTPhmhqI5eJjh/JIu8tPj5q+T7iLvW/JAYUqmE7KOB4R1ZyEhzBaIQpQpardBF5z8A==",
      "license": "MIT"
    },
    "node_modules/geojson-vt": {
      "version": "4.0.2",
      "resolved": "https://registry.npmjs.org/geojson-vt/-/geojson-vt-4.0.2.tgz",
      "integrity": "sha512-AV9ROqlNqoZEIJGfm1ncNjEXfkz2hdFlZf0qkVfmkwdKa8vj7H16YUOT81rJw1rdFhyEDlN2Tds91p/glzbl5A==",
      "license": "ISC"
    },
    "node_modules/gl-matrix": {
      "version": "3.4.3",
      "resolved": "https://registry.npmjs.org/gl-matrix/-/gl-matrix-3.4.3.tgz",
      "integrity": "sha512-wcCp8vu8FT22BnvKVPjXa/ICBWRq/zjFfdofZy1WSpQZpphblv12/bOQLBC1rMM7SGOFS9ltVmKOHil5+Ml7gA==",
      "license": "MIT"
    },
    "node_modules/grid-index": {
      "version": "1.1.0",
      "resolved": "https://registry.npmjs.org/grid-index/-/grid-index-1.1.0.tgz",
      "integrity": "sha512-HZRwumpOGUrHyxO5bqKZL0B0GlUpwtCAzZ42sgxUPniu33R1LSFH5yrIcBCHjkctCAh3mtWKcKd9J4vDDdeVHA==",
      "license": "ISC"
    },
    "node_modules/ieee754": {
      "version": "1.2.1",
      "resolved": "https://registry.npmjs.org/ieee754/-/ieee754-1.2.1.tgz",
      "integrity": "sha512-dcyqhDvX1C46lXZcVqCpK+FtMRQVdIMN6/Df5js2zouUsqG7I6sFxitIC+7KYK29KdXOLHdu9zL4sFnoVQnqaA==",
      "funding": [
        {
          "type": "github",
          "url": "https://github.com/sponsors/feross"
        },
        {
          "type": "patreon",
          "url": "https://www.patreon.com/feross"
        },
        {
          "type": "consulting",
          "url": "https://feross.org/support"
        }
      ],
      "license": "BSD-3-Clause"
    },
    "node_modules/kdbush": {
      "version": "4.0.2",
      "resolved": "https://registry.npmjs.org/kdbush/-/kdbush-4.0.2.tgz",
      "integrity": "sha512-WbCVYJ27Sz8zi9Q7Q0xHC+05iwkm3Znipc2XTlrnJbsHMYktW4hPhXUE8Ys1engBrvffoSCqbil1JQAa7clRpA==",
      "license": "ISC"
    },
    "node_modules/lodash.clonedeep": {
      "version": "4.5.0",
      "resolved": "https://registry.npmjs.org/lodash.clonedeep/-/lodash.clonedeep-4.5.0.tgz",
      "integrity": "sha512-H5ZhCF25riFd9uB5UCkVKo61m3S/xZk1x4wA6yp/L3RFP6Z/eHH1ymQcGLo7J3GMPfm0V/7m1tryHuGVxpqEBQ==",
      "license": "MIT"
    },
    "node_modules/mapbox-gl": {
      "version": "3.5.2",
      "resolved": "https://registry.npmjs.org/mapbox-gl/-/mapbox-gl-3.5.2.tgz",
      "integrity": "sha512-KUrmDmLFKPp3MSsWGNTH5uvtYwJknV+eFJ+vxiN6hqKpzbme37z+JfYs5Mehs3CgFaIV/pUdnEV9UPUZJPuS+Q==",
      "license": "SEE LICENSE IN LICENSE.txt",
      "workspaces": [
        "src/style-spec",
        "test/build/typings"
      ],
      "dependencies": {
        "@mapbox/jsonlint-lines-primitives": "^2.0.2",
        "@mapbox/mapbox-gl-supported": "^3.0.0",
        "@mapbox/point-geometry": "^0.1.0",
        "@mapbox/tiny-sdf": "^2.0.6",
        "@mapbox/unitbezier": "^0.0.1",
        "@mapbox/vector-tile": "^1.3.1",
        "@mapbox/whoots-js": "^3.1.0",
        "@types/geojson": "^7946.0.14",
        "@types/mapbox__vector-tile": "^1.3.4",
        "cheap-ruler": "^4.0.0",
        "csscolorparser": "~1.0.3",
        "earcut": "^3.0.0",
        "fflate": "^0.8.1",
        "geojson-vt": "^4.0.2",
        "gl-matrix": "^3.4.3",
        "grid-index": "^1.1.0",
        "kdbush": "^4.0.2",
        "lodash.clonedeep": "^4.5.0",
        "murmurhash-js": "^1.0.0",
        "pbf": "^3.2.1",
        "potpack": "^2.0.0",
        "quickselect": "^3.0.0",
        "rw": "^1.3.3",
        "serialize-to-js": "^3.1.2",
        "supercluster": "^8.0.1",
        "tiny-lru": "^11.2.11",
        "tinyqueue": "^3.0.0",
        "tweakpane": "^4.0.4",
        "vt-pbf": "^3.1.3"
      }
    },
    "node_modules/murmurhash-js": {
      "version": "1.0.0",
      "resolved": "https://registry.npmjs.org/murmurhash-js/-/murmurhash-js-1.0.0.tgz",
      "integrity": "sha512-TvmkNhkv8yct0SVBSy+o8wYzXjE4Zz3PCesbfs8HiCXXdcTuocApFv11UWlNFWKYsP2okqrhb7JNlSm9InBhIw==",
      "license": "MIT"
    },
    "node_modules/papaparse": {
      "version": "5.4.1",
      "resolved": "https://registry.npmjs.org/papaparse/-/papaparse-5.4.1.tgz",
      "integrity": "sha512-HipMsgJkZu8br23pW15uvo6sib6wne/4woLZPlFf3rpDyMe9ywEXUsuD7+6K9PRkJlVT51j/sCOYDKGGS3ZJrw==",
      "license": "MIT"
    },
    "node_modules/pbf": {
      "version": "3.3.0",
      "resolved": "https://registry.npmjs.org/pbf/-/pbf-3.3.0.tgz",
      "integrity": "sha512-XDF38WCH3z5OV/OVa8GKUNtLAyneuzbCisx7QUCF8Q6Nutx0WnJrQe5O+kOtBlLfRNUws98Y58Lblp+NJG5T4Q==",
      "license": "BSD-3-Clause",
      "dependencies": {
        "ieee754": "^1.1.12",
        "resolve-protobuf-schema": "^2.1.0"
      },
      "bin": {
        "pbf": "bin/pbf"
      }
    },
    "node_modules/potpack": {
      "version": "2.0.0",
      "resolved": "https://registry.npmjs.org/potpack/-/potpack-2.0.0.tgz",
      "integrity": "sha512-Q+/tYsFU9r7xoOJ+y/ZTtdVQwTWfzjbiXBDMM/JKUux3+QPP02iUuIoeBQ+Ot6oEDlC+/PGjB/5A3K7KKb7hcw==",
      "license": "ISC"
    },
    "node_modules/protocol-buffers-schema": {
      "version": "3.6.0",
      "resolved": "https://registry.npmjs.org/protocol-buffers-schema/-/protocol-buffers-schema-3.6.0.tgz",
      "integrity": "sha512-TdDRD+/QNdrCGCE7v8340QyuXd4kIWIgapsE2+n/SaGiSSbomYl4TjHlvIoCWRpE7wFt02EpB35VVA2ImcBVqw==",
      "license": "MIT"
    },
    "node_modules/quickselect": {
      "version": "3.0.0",
      "resolved": "https://registry.npmjs.org/quickselect/-/quickselect-3.0.0.tgz",
      "integrity": "sha512-XdjUArbK4Bm5fLLvlm5KpTFOiOThgfWWI4axAZDWg4E/0mKdZyI9tNEfds27qCi1ze/vwTR16kvmmGhRra3c2g==",
      "license": "ISC"
    },
    "node_modules/resolve-protobuf-schema": {
      "version": "2.1.0",
      "resolved": "https://registry.npmjs.org/resolve-protobuf-schema/-/resolve-protobuf-schema-2.1.0.tgz",
      "integrity": "sha512-kI5ffTiZWmJaS/huM8wZfEMer1eRd7oJQhDuxeCLe3t7N7mX3z94CN0xPxBQxFYQTSNz9T0i+v6inKqSdK8xrQ==",
      "license": "MIT",
      "dependencies": {
        "protocol-buffers-schema": "^3.3.1"
      }
    },
    "node_modules/rw": {
      "version": "1.3.3",
      "resolved": "https://registry.npmjs.org/rw/-/rw-1.3.3.tgz",
      "integrity": "sha512-PdhdWy89SiZogBLaw42zdeqtRJ//zFd2PgQavcICDUgJT5oW10QCRKbJ6bg4r0/UY2M6BWd5tkxuGFRvCkgfHQ==",
      "license": "BSD-3-Clause"
    },
    "node_modules/serialize-to-js": {
      "version": "3.1.2",
      "resolved": "https://registry.npmjs.org/serialize-to-js/-/serialize-to-js-3.1.2.tgz",
      "integrity": "sha512-owllqNuDDEimQat7EPG0tH7JjO090xKNzUtYz6X+Sk2BXDnOCilDdNLwjWeFywG9xkJul1ULvtUQa9O4pUaY0w==",
      "license": "MIT",
      "engines": {
        "node": ">=4.0.0"
      }
    },
    "node_modules/supercluster": {
      "version": "8.0.1",
      "resolved": "https://registry.npmjs.org/supercluster/-/supercluster-8.0.1.tgz",
      "integrity": "sha512-IiOea5kJ9iqzD2t7QJq/cREyLHTtSmUT6gQsweojg9WH2sYJqZK9SswTu6jrscO6D1G5v5vYZ9ru/eq85lXeZQ==",
      "license": "ISC",
      "dependencies": {
        "kdbush": "^4.0.2"
      }
    },
    "node_modules/tiny-lru": {
      "version": "11.2.11",
      "resolved": "https://registry.npmjs.org/tiny-lru/-/tiny-lru-11.2.11.tgz",
      "integrity": "sha512-27BIW0dIWTYYoWNnqSmoNMKe5WIbkXsc0xaCQHd3/3xT2XMuMJrzHdrO9QBFR14emBz1Bu0dOAs2sCBBrvgPQA==",
      "license": "BSD-3-Clause",
      "engines": {
        "node": ">=12"
      }
    },
    "node_modules/tinyqueue": {
      "version": "3.0.0",
      "resolved": "https://registry.npmjs.org/tinyqueue/-/tinyqueue-3.0.0.tgz",
      "integrity": "sha512-gRa9gwYU3ECmQYv3lslts5hxuIa90veaEcxDYuu3QGOIAEM2mOZkVHp48ANJuu1CURtRdHKUBY5Lm1tHV+sD4g==",
      "license": "ISC"
    },
    "node_modules/tweakpane": {
      "version": "4.0.4",
      "resolved": "https://registry.npmjs.org/tweakpane/-/tweakpane-4.0.4.tgz",
      "integrity": "sha512-RkWD54zDlEbnN01wQPk0ANHGbdCvlJx/E8A1QxhTfCbX+ROWos1Ws2MnhOm39aUGMOh+36TjUwpDmLfmwTr1Fg==",
      "license": "MIT",
      "funding": {
        "url": "https://github.com/sponsors/cocopon"
      }
    },
    "node_modules/vt-pbf": {
      "version": "3.1.3",
      "resolved": "https://registry.npmjs.org/vt-pbf/-/vt-pbf-3.1.3.tgz",
      "integrity": "sha512-2LzDFzt0mZKZ9IpVF2r69G9bXaP2Q2sArJCmcCgvfTdCCZzSyz4aCLoQyUilu37Ll56tCblIZrXFIjNUpGIlmA==",
      "license": "MIT",
      "dependencies": {
        "@mapbox/point-geometry": "0.1.0",
        "@mapbox/vector-tile": "^1.3.1",
        "pbf": "^3.2.1"
      }
    },
    "node_modules/w3-css": {
      "version": "4.1.0",
      "resolved": "https://registry.npmjs.org/w3-css/-/w3-css-4.1.0.tgz",
      "integrity": "sha512-nBomstRa3ITEDFG3EsYvVijueT3O1iwmjf96656VOR2BG6cwfkKwtwy/Gat7golUaA9ULPZPpo/Vj+3mYkeVfw==",
      "license": "MIT"
    }
  }
}
